# This file is autogenerated, do not edit; changes may be undone by the next 'dep ensure'.


[[projects]]
  digest = "1:d5f97fc268267ec1b61c3453058c738246fc3e746f14b1ae25161513b7367b0c"
  name = "github.com/gorilla/mux"
  packages = ["."]
  pruneopts = "UT"
  revision = "c5c6c98bc25355028a63748a498942a6398ccd22"
  version = "v1.7.1"

[[projects]]
  digest = "1:31e761d97c76151dde79e9d28964a812c46efc5baee4085b86f68f0c654450de"
  name = "github.com/konsorten/go-windows-terminal-sequences"
  packages = ["."]
  pruneopts = "UT"
  revision = "f55edac94c9bbba5d6182a4be46d86a2c9b5b50e"
  version = "v1.0.2"

[[projects]]
  digest = "1:3f69624cb4ae8ab815a672f7d169d64786ee027a9d42eefab3c9d4e9debe0750"
  name = "github.com/openfaas/faas"
  packages = ["gateway/requests"]
  pruneopts = "UT"
  revision = "fa93655d90d1518b04e7cfca7d7548d7d133a34e"
  version = "0.13.0"

[[projects]]
  digest = "1:698444ab032d6e8528ae9171659941a2afea8003978c240e860936128e22a8c6"
  name = "github.com/openfaas/faas-provider"
  packages = [
    ".",
    "auth",
    "types",
  ]
  pruneopts = "UT"
  revision = "6a76a052deb12fd94b373c082963d8a8ad44d4d1"
  version = "0.9.0"

[[projects]]
  digest = "1:fd61cf4ae1953d55df708acb6b91492d538f49c305b364a014049914495db426"
  name = "github.com/sirupsen/logrus"
  packages = ["."]
  pruneopts = "UT"
  revision = "8bdbc7bcc01dcbb8ec23dc8a28e332258d25251f"
  version = "v1.4.1"

[[projects]]
  branch = "master"
  digest = "1:1ddfda089b8a15d92242412aabc1107b8c7a87c609c09c5b441c81dbcca0ab79"
  name = "golang.org/x/sys"
  packages = ["unix"]
  pruneopts = "UT"
  revision = "a43fa875dd822b81eb6d2ad538bc1f4caba169bd"

[solve-meta]
  analyzer-name = "dep"
  analyzer-version = 1
  input-imports = [
    "github.com/gorilla/mux",
    "github.com/openfaas/faas-provider",
    "github.com/openfaas/faas-provider/types",
    "github.com/openfaas/faas/gateway/requests",
    "github.com/sirupsen/logrus",
  ]
  solver-name = "gps-cdcl"
  solver-version = 1
